
Microsoft Visual Studio Solution File, Format Version 12.00
# Visual Studio Version 18
VisualStudioVersion = 18.6.11819.183
MinimumVisualStudioVersion = 10.0.40219.1
Project("{FAE04EC0-301F-11D3-BF4B-00C04F79EFBC}") = "FrontendRazorPage", "FrontendRazorPage\FrontendRazorPage.csproj", "{5A72B1B7-55BB-4FA3-9B41-D27EE55C5028}"
EndProject
Global
	GlobalSection(SolutionConfigurationPlatforms) = preSolution
		Debug|Any CPU = Debug|Any CPU
		Release|Any CPU = Release|Any CPU
	EndGlobalSection
	GlobalSection(ProjectConfigurationPlatforms) = postSolution
		{5A72B1B7-55BB-4FA3-9B41-D27EE55C5028}.Debug|Any CPU.ActiveCfg = Debug|Any CPU
		{5A72B1B7-55BB-4FA3-9B41-D27EE55C5028}.Debug|Any CPU.Build.0 = Debug|Any CPU
		{5A72B1B7-55BB-4FA3-9B41-D27EE55C5028}.Release|Any CPU.ActiveCfg = Release|Any CPU
		{5A72B1B7-55BB-4FA3-9B41-D27EE55C5028}.Release|Any CPU.Build.0 = Release|Any CPU
	EndGlobalSection
	GlobalSection(SolutionProperties) = preSolution
		HideSolutionNode = FALSE
	EndGlobalSection
	GlobalSection(ExtensibilityGlobals) = postSolution
		SolutionGuid = {5CA84412-7137-487B-8F01-F31F57EBA1F3}
	EndGlobalSection
EndGlobal
