
Microsoft Visual Studio Solution File, Format Version 12.00
# Visual Studio Version 17
VisualStudioVersion = 17.14.36518.9
MinimumVisualStudioVersion = 10.0.40219.1
Project("{FAE04EC0-301F-11D3-BF4B-00C04F79EFBC}") = "BackendAPI", "..\BackendAPI\BackendAPI.csproj", "{B4CAB5F1-927B-6595-0661-D29A8B6F2809}"
EndProject
Project("{FAE04EC0-301F-11D3-BF4B-00C04F79EFBC}") = "FrontendAngular", "..\FrontendAngular\FrontendAngular.csproj", "{3231E2D4-6972-4C93-948A-41231F0D4B0F}"
EndProject
Project("{FAE04EC0-301F-11D3-BF4B-00C04F79EFBC}") = "FrontendRazorPage", "..\FrontendRazorPage\FrontendRazorPage.csproj", "{D4BAC56B-7B77-3B9D-084D-5085E8129336}"
EndProject
Global
	GlobalSection(SolutionConfigurationPlatforms) = preSolution
		Debug|Any CPU = Debug|Any CPU
		Release|Any CPU = Release|Any CPU
	EndGlobalSection
	GlobalSection(ProjectConfigurationPlatforms) = postSolution
		{B4CAB5F1-927B-6595-0661-D29A8B6F2809}.Debug|Any CPU.ActiveCfg = Debug|Any CPU
		{B4CAB5F1-927B-6595-0661-D29A8B6F2809}.Debug|Any CPU.Build.0 = Debug|Any CPU
		{B4CAB5F1-927B-6595-0661-D29A8B6F2809}.Release|Any CPU.ActiveCfg = Release|Any CPU
		{B4CAB5F1-927B-6595-0661-D29A8B6F2809}.Release|Any CPU.Build.0 = Release|Any CPU
		{3231E2D4-6972-4C93-948A-41231F0D4B0F}.Debug|Any CPU.ActiveCfg = Debug|Any CPU
		{3231E2D4-6972-4C93-948A-41231F0D4B0F}.Release|Any CPU.ActiveCfg = Release|Any CPU
		{3231E2D4-6972-4C93-948A-41231F0D4B0F}.Release|Any CPU.Build.0 = Release|Any CPU
		{D4BAC56B-7B77-3B9D-084D-5085E8129336}.Debug|Any CPU.ActiveCfg = Debug|Any CPU
		{D4BAC56B-7B77-3B9D-084D-5085E8129336}.Debug|Any CPU.Build.0 = Debug|Any CPU
		{D4BAC56B-7B77-3B9D-084D-5085E8129336}.Release|Any CPU.ActiveCfg = Release|Any CPU
		{D4BAC56B-7B77-3B9D-084D-5085E8129336}.Release|Any CPU.Build.0 = Release|Any CPU
	EndGlobalSection
	GlobalSection(SolutionProperties) = preSolution
		HideSolutionNode = FALSE
	EndGlobalSection
	GlobalSection(ExtensibilityGlobals) = postSolution
		SolutionGuid = {A09F5E29-201C-45FC-BF9B-E6E1D9C3F9AD}
	EndGlobalSection
EndGlobal
